
Microsoft Visual Studio Solution File, Format Version 12.00
# Visual Studio Version 17
VisualStudioVersion = 17.14.36327.8
MinimumVisualStudioVersion = 10.0.40219.1
Project("{FAE04EC0-301F-11D3-BF4B-00C04F79EFBC}") = "Todo.Api", "ToDo.API\Todo.Api.csproj", "{61F80816-6E1E-CDC2-2695-5F078E991124}"
EndProject
Project("{FAE04EC0-301F-11D3-BF4B-00C04F79EFBC}") = "ToDo.Domain", "ToDo.Domain\ToDo.Domain.csproj", "{3895702D-5883-4882-8D3D-5157710DBF68}"
EndProject
Project("{FAE04EC0-301F-11D3-BF4B-00C04F79EFBC}") = "ToDo.Application", "ToDo.Application\ToDo.Application.csproj", "{740C5640-5CAD-4B29-A8FC-E058FB6905BF}"
EndProject
Project("{FAE04EC0-301F-11D3-BF4B-00C04F79EFBC}") = "ToDo.Infrastructure", "ToDo.Infrastructure\ToDo.Infrastructure.csproj", "{0C624414-471F-40EB-8107-59A1AA3F5807}"
EndProject
Project("{2150E333-8FDC-42A3-9474-1A3956D46DE8}") = "Tests", "Tests", "{02EA681E-C7D8-13C7-8484-4AC65E1B71E8}"
EndProject
Project("{FAE04EC0-301F-11D3-BF4B-00C04F79EFBC}") = "ToDo.Domain.Tests", "Tests\ToDo.Domain.Tests\ToDo.Domain.Tests.csproj", "{385CDDC3-4521-ABC8-1CF6-BD3BD8429066}"
EndProject
Project("{FAE04EC0-301F-11D3-BF4B-00C04F79EFBC}") = "ToDo.Application.Tests", "Tests\ToDo.Application.Tests\ToDo.Application.Tests.csproj", "{899E5417-2B49-436A-93E4-91F24522FB5C}"
EndProject
Global
	GlobalSection(SolutionConfigurationPlatforms) = preSolution
		Debug|Any CPU = Debug|Any CPU
		Debug|x64 = Debug|x64
		Debug|x86 = Debug|x86
		Release|Any CPU = Release|Any CPU
		Release|x64 = Release|x64
		Release|x86 = Release|x86
	EndGlobalSection
	GlobalSection(ProjectConfigurationPlatforms) = postSolution
		{61F80816-6E1E-CDC2-2695-5F078E991124}.Debug|Any CPU.ActiveCfg = Debug|Any CPU
		{61F80816-6E1E-CDC2-2695-5F078E991124}.Debug|Any CPU.Build.0 = Debug|Any CPU
		{61F80816-6E1E-CDC2-2695-5F078E991124}.Debug|x64.ActiveCfg = Debug|Any CPU
		{61F80816-6E1E-CDC2-2695-5F078E991124}.Debug|x64.Build.0 = Debug|Any CPU
		{61F80816-6E1E-CDC2-2695-5F078E991124}.Debug|x86.ActiveCfg = Debug|Any CPU
		{61F80816-6E1E-CDC2-2695-5F078E991124}.Debug|x86.Build.0 = Debug|Any CPU
		{61F80816-6E1E-CDC2-2695-5F078E991124}.Release|Any CPU.ActiveCfg = Release|Any CPU
		{61F80816-6E1E-CDC2-2695-5F078E991124}.Release|Any CPU.Build.0 = Release|Any CPU
		{61F80816-6E1E-CDC2-2695-5F078E991124}.Release|x64.ActiveCfg = Release|Any CPU
		{61F80816-6E1E-CDC2-2695-5F078E991124}.Release|x64.Build.0 = Release|Any CPU
		{61F80816-6E1E-CDC2-2695-5F078E991124}.Release|x86.ActiveCfg = Release|Any CPU
		{61F80816-6E1E-CDC2-2695-5F078E991124}.Release|x86.Build.0 = Release|Any CPU
		{3895702D-5883-4882-8D3D-5157710DBF68}.Debug|Any CPU.ActiveCfg = Debug|Any CPU
		{3895702D-5883-4882-8D3D-5157710DBF68}.Debug|Any CPU.Build.0 = Debug|Any CPU
		{3895702D-5883-4882-8D3D-5157710DBF68}.Debug|x64.ActiveCfg = Debug|Any CPU
		{3895702D-5883-4882-8D3D-5157710DBF68}.Debug|x64.Build.0 = Debug|Any CPU
		{3895702D-5883-4882-8D3D-5157710DBF68}.Debug|x86.ActiveCfg = Debug|Any CPU
		{3895702D-5883-4882-8D3D-5157710DBF68}.Debug|x86.Build.0 = Debug|Any CPU
		{3895702D-5883-4882-8D3D-5157710DBF68}.Release|Any CPU.ActiveCfg = Release|Any CPU
		{3895702D-5883-4882-8D3D-5157710DBF68}.Release|Any CPU.Build.0 = Release|Any CPU
		{3895702D-5883-4882-8D3D-5157710DBF68}.Release|x64.ActiveCfg = Release|Any CPU
		{3895702D-5883-4882-8D3D-5157710DBF68}.Release|x64.Build.0 = Release|Any CPU
		{3895702D-5883-4882-8D3D-5157710DBF68}.Release|x86.ActiveCfg = Release|Any CPU
		{3895702D-5883-4882-8D3D-5157710DBF68}.Release|x86.Build.0 = Release|Any CPU
		{740C5640-5CAD-4B29-A8FC-E058FB6905BF}.Debug|Any CPU.ActiveCfg = Debug|Any CPU
		{740C5640-5CAD-4B29-A8FC-E058FB6905BF}.Debug|Any CPU.Build.0 = Debug|Any CPU
		{740C5640-5CAD-4B29-A8FC-E058FB6905BF}.Debug|x64.ActiveCfg = Debug|Any CPU
		{740C5640-5CAD-4B29-A8FC-E058FB6905BF}.Debug|x64.Build.0 = Debug|Any CPU
		{740C5640-5CAD-4B29-A8FC-E058FB6905BF}.Debug|x86.ActiveCfg = Debug|Any CPU
		{740C5640-5CAD-4B29-A8FC-E058FB6905BF}.Debug|x86.Build.0 = Debug|Any CPU
		{740C5640-5CAD-4B29-A8FC-E058FB6905BF}.Release|Any CPU.ActiveCfg = Release|Any CPU
		{740C5640-5CAD-4B29-A8FC-E058FB6905BF}.Release|Any CPU.Build.0 = Release|Any CPU
		{740C5640-5CAD-4B29-A8FC-E058FB6905BF}.Release|x64.ActiveCfg = Release|Any CPU
		{740C5640-5CAD-4B29-A8FC-E058FB6905BF}.Release|x64.Build.0 = Release|Any CPU
		{740C5640-5CAD-4B29-A8FC-E058FB6905BF}.Release|x86.ActiveCfg = Release|Any CPU
		{740C5640-5CAD-4B29-A8FC-E058FB6905BF}.Release|x86.Build.0 = Release|Any CPU
		{0C624414-471F-40EB-8107-59A1AA3F5807}.Debug|Any CPU.ActiveCfg = Debug|Any CPU
		{0C624414-471F-40EB-8107-59A1AA3F5807}.Debug|Any CPU.Build.0 = Debug|Any CPU
		{0C624414-471F-40EB-8107-59A1AA3F5807}.Debug|x64.ActiveCfg = Debug|Any CPU
		{0C624414-471F-40EB-8107-59A1AA3F5807}.Debug|x64.Build.0 = Debug|Any CPU
		{0C624414-471F-40EB-8107-59A1AA3F5807}.Debug|x86.ActiveCfg = Debug|Any CPU
		{0C624414-471F-40EB-8107-59A1AA3F5807}.Debug|x86.Build.0 = Debug|Any CPU
		{0C624414-471F-40EB-8107-59A1AA3F5807}.Release|Any CPU.ActiveCfg = Release|Any CPU
		{0C624414-471F-40EB-8107-59A1AA3F5807}.Release|Any CPU.Build.0 = Release|Any CPU
		{0C624414-471F-40EB-8107-59A1AA3F5807}.Release|x64.ActiveCfg = Release|Any CPU
		{0C624414-471F-40EB-8107-59A1AA3F5807}.Release|x64.Build.0 = Release|Any CPU
		{0C624414-471F-40EB-8107-59A1AA3F5807}.Release|x86.ActiveCfg = Release|Any CPU
		{0C624414-471F-40EB-8107-59A1AA3F5807}.Release|x86.Build.0 = Release|Any CPU
		{385CDDC3-4521-ABC8-1CF6-BD3BD8429066}.Debug|Any CPU.ActiveCfg = Debug|Any CPU
		{385CDDC3-4521-ABC8-1CF6-BD3BD8429066}.Debug|Any CPU.Build.0 = Debug|Any CPU
		{385CDDC3-4521-ABC8-1CF6-BD3BD8429066}.Debug|x64.ActiveCfg = Debug|Any CPU
		{385CDDC3-4521-ABC8-1CF6-BD3BD8429066}.Debug|x64.Build.0 = Debug|Any CPU
		{385CDDC3-4521-ABC8-1CF6-BD3BD8429066}.Debug|x86.ActiveCfg = Debug|Any CPU
		{385CDDC3-4521-ABC8-1CF6-BD3BD8429066}.Debug|x86.Build.0 = Debug|Any CPU
		{385CDDC3-4521-ABC8-1CF6-BD3BD8429066}.Release|Any CPU.ActiveCfg = Release|Any CPU
		{385CDDC3-4521-ABC8-1CF6-BD3BD8429066}.Release|Any CPU.Build.0 = Release|Any CPU
		{385CDDC3-4521-ABC8-1CF6-BD3BD8429066}.Release|x64.ActiveCfg = Release|Any CPU
		{385CDDC3-4521-ABC8-1CF6-BD3BD8429066}.Release|x64.Build.0 = Release|Any CPU
		{385CDDC3-4521-ABC8-1CF6-BD3BD8429066}.Release|x86.ActiveCfg = Release|Any CPU
		{385CDDC3-4521-ABC8-1CF6-BD3BD8429066}.Release|x86.Build.0 = Release|Any CPU
		{899E5417-2B49-436A-93E4-91F24522FB5C}.Debug|Any CPU.ActiveCfg = Debug|Any CPU
		{899E5417-2B49-436A-93E4-91F24522FB5C}.Debug|Any CPU.Build.0 = Debug|Any CPU
		{899E5417-2B49-436A-93E4-91F24522FB5C}.Debug|x64.ActiveCfg = Debug|Any CPU
		{899E5417-2B49-436A-93E4-91F24522FB5C}.Debug|x64.Build.0 = Debug|Any CPU
		{899E5417-2B49-436A-93E4-91F24522FB5C}.Debug|x86.ActiveCfg = Debug|Any CPU
		{899E5417-2B49-436A-93E4-91F24522FB5C}.Debug|x86.Build.0 = Debug|Any CPU
		{899E5417-2B49-436A-93E4-91F24522FB5C}.Release|Any CPU.ActiveCfg = Release|Any CPU
		{899E5417-2B49-436A-93E4-91F24522FB5C}.Release|Any CPU.Build.0 = Release|Any CPU
		{899E5417-2B49-436A-93E4-91F24522FB5C}.Release|x64.ActiveCfg = Release|Any CPU
		{899E5417-2B49-436A-93E4-91F24522FB5C}.Release|x64.Build.0 = Release|Any CPU
		{899E5417-2B49-436A-93E4-91F24522FB5C}.Release|x86.ActiveCfg = Release|Any CPU
		{899E5417-2B49-436A-93E4-91F24522FB5C}.Release|x86.Build.0 = Release|Any CPU
	EndGlobalSection
	GlobalSection(SolutionProperties) = preSolution
		HideSolutionNode = FALSE
	EndGlobalSection
	GlobalSection(NestedProjects) = preSolution
		{385CDDC3-4521-ABC8-1CF6-BD3BD8429066} = {02EA681E-C7D8-13C7-8484-4AC65E1B71E8}
		{899E5417-2B49-436A-93E4-91F24522FB5C} = {02EA681E-C7D8-13C7-8484-4AC65E1B71E8}
	EndGlobalSection
	GlobalSection(ExtensibilityGlobals) = postSolution
		SolutionGuid = {63AFEE46-024B-4EF1-91A1-C903FFB5DA3F}
	EndGlobalSection
EndGlobal
